
Microsoft Visual Studio Solution File, Format Version 12.00
# Visual Studio Version 17
VisualStudioVersion = 17.5.33627.172
MinimumVisualStudioVersion = 10.0.40219.1
Project("{FAE04EC0-301F-11D3-BF4B-00C04F79EFBC}") = "WebApplication3", "WebApplication3.csproj", "{635EA5C5-C322-45EB-9E8B-6FB8B70C6972}"
EndProject
Global
	GlobalSection(SolutionConfigurationPlatforms) = preSolution
		Debug|Any CPU = Debug|Any CPU
		Release|Any CPU = Release|Any CPU
	EndGlobalSection
	GlobalSection(ProjectConfigurationPlatforms) = postSolution
		{635EA5C5-C322-45EB-9E8B-6FB8B70C6972}.Debug|Any CPU.ActiveCfg = Debug|Any CPU
		{635EA5C5-C322-45EB-9E8B-6FB8B70C6972}.Debug|Any CPU.Build.0 = Debug|Any CPU
		{635EA5C5-C322-45EB-9E8B-6FB8B70C6972}.Release|Any CPU.ActiveCfg = Release|Any CPU
		{635EA5C5-C322-45EB-9E8B-6FB8B70C6972}.Release|Any CPU.Build.0 = Release|Any CPU
	EndGlobalSection
	GlobalSection(SolutionProperties) = preSolution
		HideSolutionNode = FALSE
	EndGlobalSection
	GlobalSection(ExtensibilityGlobals) = postSolution
		SolutionGuid = {A04A08D1-CBE5-42DD-ABAA-95FA38CFF6BF}
	EndGlobalSection
EndGlobal
